
Microsoft Visual Studio Solution File, Format Version 12.00
# Visual Studio Version 16
VisualStudioVersion = 16.0.31624.102
MinimumVisualStudioVersion = 10.0.40219.1
Project("{FAE04EC0-301F-11D3-BF4B-00C04F79EFBC}") = "funcjiaszescian", "funcjiaszescian\funcjiaszescian.csproj", "{97A963CA-A0C7-4E2F-A2E5-3AF8F7D43AB5}"
EndProject
Global
	GlobalSection(SolutionConfigurationPlatforms) = preSolution
		Debug|Any CPU = Debug|Any CPU
		Release|Any CPU = Release|Any CPU
	EndGlobalSection
	GlobalSection(ProjectConfigurationPlatforms) = postSolution
		{97A963CA-A0C7-4E2F-A2E5-3AF8F7D43AB5}.Debug|Any CPU.ActiveCfg = Debug|Any CPU
		{97A963CA-A0C7-4E2F-A2E5-3AF8F7D43AB5}.Debug|Any CPU.Build.0 = Debug|Any CPU
		{97A963CA-A0C7-4E2F-A2E5-3AF8F7D43AB5}.Release|Any CPU.ActiveCfg = Release|Any CPU
		{97A963CA-A0C7-4E2F-A2E5-3AF8F7D43AB5}.Release|Any CPU.Build.0 = Release|Any CPU
	EndGlobalSection
	GlobalSection(SolutionProperties) = preSolution
		HideSolutionNode = FALSE
	EndGlobalSection
	GlobalSection(ExtensibilityGlobals) = postSolution
		SolutionGuid = {D2029B26-4EFC-4AB2-9549-8D697FDCDB46}
	EndGlobalSection
EndGlobal
